
Microsoft Visual Studio Solution File, Format Version 12.00
# Visual Studio Version 17
VisualStudioVersion = 17.9.34616.47
MinimumVisualStudioVersion = 10.0.40219.1
Project("{FAE04EC0-301F-11D3-BF4B-00C04F79EFBC}") = "Challenges", "Challenges.csproj", "{A42FEE61-2A70-4BDC-960B-3C1F6B2172EB}"
EndProject
Global
	GlobalSection(SolutionConfigurationPlatforms) = preSolution
		Debug|Any CPU = Debug|Any CPU
		Release|Any CPU = Release|Any CPU
	EndGlobalSection
	GlobalSection(ProjectConfigurationPlatforms) = postSolution
		{A42FEE61-2A70-4BDC-960B-3C1F6B2172EB}.Debug|Any CPU.ActiveCfg = Debug|Any CPU
		{A42FEE61-2A70-4BDC-960B-3C1F6B2172EB}.Debug|Any CPU.Build.0 = Debug|Any CPU
		{A42FEE61-2A70-4BDC-960B-3C1F6B2172EB}.Release|Any CPU.ActiveCfg = Release|Any CPU
		{A42FEE61-2A70-4BDC-960B-3C1F6B2172EB}.Release|Any CPU.Build.0 = Release|Any CPU
	EndGlobalSection
	GlobalSection(SolutionProperties) = preSolution
		HideSolutionNode = FALSE
	EndGlobalSection
	GlobalSection(ExtensibilityGlobals) = postSolution
		SolutionGuid = {3D7D137F-CE80-4317-8CF8-A774BFB6F879}
	EndGlobalSection
EndGlobal
